# This file is automatically @generated by Cargo.
# It is not intended for manual editing.
version = 4

[[package]]
name = "arraydeque"
version = "0.5.1"
source = "registry+https://github.com/rust-lang/crates.io-index"
checksum = "7d902e3d592a523def97af8f317b08ce16b7ab854c1985a0c671e6f15cebc236"

[[package]]
name = "bitflags"
version = "2.13.1"
source = "registry+https://github.com/rust-lang/crates.io-index"
checksum = "b588b76d00fde79687d7646a9b5bdf3cc0f655e0bbd080335a95d7e96f3587da"

[[package]]
name = "headwater-adapter"
version = "0.1.0"
dependencies = [
 "headwater-census",
 "headwater-check",
 "headwater-graph",
 "headwater-hash",
 "headwater-yaml",
]

[[package]]
name = "headwater-audit"
version = "0.1.0"
dependencies = [
 "headwater-census",
 "headwater-check",
 "headwater-doc",
 "headwater-graph",
 "headwater-lock",
 "headwater-resolve",
 "headwater-scaffold",
 "headwater-yaml",
]

[[package]]
name = "headwater-census"
version = "0.1.0"
dependencies = [
 "headwater-doc",
 "headwater-hash",
 "headwater-mark",
 "headwater-meta",
 "headwater-resolve",
 "headwater-yaml",
]

[[package]]
name = "headwater-check"
version = "0.1.0"
dependencies = [
 "headwater-census",
 "headwater-doc",
 "headwater-graph",
 "headwater-hash",
 "headwater-lock",
 "headwater-resolve",
 "headwater-yaml",
]

[[package]]
name = "headwater-cli"
version = "0.1.0"
dependencies = [
 "headwater-adapter",
 "headwater-audit",
 "headwater-census",
 "headwater-check",
 "headwater-compat",
 "headwater-conformance",
 "headwater-generate",
 "headwater-graph",
 "headwater-hash",
 "headwater-import",
 "headwater-lock",
 "headwater-probe",
 "headwater-query",
 "headwater-resolve",
 "headwater-scaffold",
 "headwater-sweep",
 "headwater-yaml",
]

[[package]]
name = "headwater-compat"
version = "0.1.0"
dependencies = [
 "headwater-census",
 "headwater-check",
 "headwater-generate",
 "headwater-graph",
 "headwater-resolve",
]

[[package]]
name = "headwater-conformance"
version = "0.1.0"
dependencies = [
 "headwater-census",
 "headwater-check",
 "headwater-generate",
 "headwater-lock",
 "headwater-resolve",
 "headwater-yaml",
]

[[package]]
name = "headwater-doc"
version = "0.1.0"
dependencies = [
 "headwater-yaml",
 "pulldown-cmark",
]

[[package]]
name = "headwater-generate"
version = "0.1.0"
dependencies = [
 "headwater-census",
 "headwater-check",
 "headwater-graph",
 "headwater-lock",
 "headwater-mark",
 "headwater-probe",
 "headwater-query",
 "headwater-resolve",
 "headwater-yaml",
]

[[package]]
name = "headwater-graph"
version = "0.1.0"
dependencies = [
 "headwater-census",
 "headwater-doc",
 "headwater-resolve",
 "headwater-yaml",
]

[[package]]
name = "headwater-hash"
version = "0.1.0"

[[package]]
name = "headwater-import"
version = "0.1.0"
dependencies = [
 "headwater-census",
 "headwater-check",
 "headwater-doc",
 "headwater-graph",
 "headwater-resolve",
 "headwater-scaffold",
 "headwater-yaml",
]

[[package]]
name = "headwater-lock"
version = "0.1.0"
dependencies = [
 "headwater-hash",
 "headwater-resolve",
 "headwater-yaml",
]

[[package]]
name = "headwater-mark"
version = "0.1.0"

[[package]]
name = "headwater-meta"
version = "0.1.0"
dependencies = [
 "headwater-ref",
 "headwater-yaml",
]

[[package]]
name = "headwater-probe"
version = "0.1.0"
dependencies = [
 "headwater-census",
 "headwater-check",
 "headwater-doc",
 "headwater-graph",
 "headwater-hash",
 "headwater-yaml",
]

[[package]]
name = "headwater-query"
version = "0.1.0"
dependencies = [
 "headwater-adapter",
 "headwater-census",
 "headwater-check",
 "headwater-doc",
 "headwater-graph",
 "headwater-lock",
 "headwater-resolve",
 "headwater-yaml",
]

[[package]]
name = "headwater-ref"
version = "0.1.0"
dependencies = [
 "headwater-yaml",
]

[[package]]
name = "headwater-resolve"
version = "0.1.0"
dependencies = [
 "headwater-hash",
 "headwater-meta",
 "headwater-ref",
 "headwater-yaml",
]

[[package]]
name = "headwater-scaffold"
version = "0.1.0"
dependencies = [
 "headwater-census",
 "headwater-check",
 "headwater-doc",
 "headwater-graph",
 "headwater-hash",
 "headwater-lock",
 "headwater-yaml",
]

[[package]]
name = "headwater-sweep"
version = "0.1.0"
dependencies = [
 "headwater-census",
 "headwater-check",
 "headwater-graph",
 "headwater-yaml",
]

[[package]]
name = "headwater-yaml"
version = "0.1.0"
dependencies = [
 "saphyr-parser",
]

[[package]]
name = "memchr"
version = "2.8.3"
source = "registry+https://github.com/rust-lang/crates.io-index"
checksum = "cf8baf1c55e62ffcace7a9f06f4bd9cd3f0c4beb022d3b367256b91b87513d98"

[[package]]
name = "proc-macro2"
version = "1.0.107"
source = "registry+https://github.com/rust-lang/crates.io-index"
checksum = "985e7ec9bb745e6ce6535b544d84d6cd6f7ad8bd711c398938ae983b91a766d9"
dependencies = [
 "unicode-ident",
]

[[package]]
name = "pulldown-cmark"
version = "0.13.4"
source = "registry+https://github.com/rust-lang/crates.io-index"
checksum = "e9f068eba8e7071c5f9511831b44f32c740d5adf574e990f946ddb53db2f314e"
dependencies = [
 "bitflags",
 "memchr",
 "unicase",
]

[[package]]
name = "quote"
version = "1.0.47"
source = "registry+https://github.com/rust-lang/crates.io-index"
checksum = "1fbf4db142a473a8d80c26bbf18454ed458bf8d26c8219c331daecfdbd079001"
dependencies = [
 "proc-macro2",
]

[[package]]
name = "saphyr-parser"
version = "0.0.11"
source = "registry+https://github.com/rust-lang/crates.io-index"
checksum = "ebfd783fcf1b3f6bafd557be0e1427ec54f826f513c3cdd749f9844484df2a13"
dependencies = [
 "arraydeque",
 "thiserror",
]

[[package]]
name = "syn"
version = "3.0.3"
source = "registry+https://github.com/rust-lang/crates.io-index"
checksum = "53e9bae58849f64dfa4f5d5ae372c8341f7305f82a3868709269343628b659a3"
dependencies = [
 "proc-macro2",
 "quote",
 "unicode-ident",
]

[[package]]
name = "thiserror"
version = "2.0.20"
source = "registry+https://github.com/rust-lang/crates.io-index"
checksum = "ec86235f5fcc2a73650310756d2ac5b138a5780bbbdfae3eeccec992c435ba4f"
dependencies = [
 "thiserror-impl",
]

[[package]]
name = "thiserror-impl"
version = "2.0.20"
source = "registry+https://github.com/rust-lang/crates.io-index"
checksum = "bc04cd3e1236dd4a98afca4569f2deb3f120e5422a4023be2cb683f8486292af"
dependencies = [
 "proc-macro2",
 "quote",
 "syn",
]

[[package]]
name = "unicase"
version = "2.9.0"
source = "registry+https://github.com/rust-lang/crates.io-index"
checksum = "dbc4bc3a9f746d862c45cb89d705aa10f187bb96c76001afab07a0d35ce60142"

[[package]]
name = "unicode-ident"
version = "1.0.24"
source = "registry+https://github.com/rust-lang/crates.io-index"
checksum = "e6e4313cd5fcd3dad5cafa179702e2b244f760991f45397d14d4ebf38247da75"
