headwater/standard 4.1.0
sha256:160f5275321b84cac64bb68296e7b8537554d1edaf14566fed695fe907bfee41

sources
  sha256:70dfc25785a1bb87b38f77ac3ea7a66a4e8633bb3a502ef259f1c7aeb264bedd packages/headwater-standard/taxonomy.yml
  sha256:41ff006478ac4a4f9b76e9e4af4fec7c1d6e522303fcd1563f4db0af9079ab51 packages/headwater-standard/bundles/design-spec/bundle.yml
  sha256:c17fa7de909eda26f77fb9186df391093d5c5a05288d3d3deb0bfc07fc9f5710 packages/headwater-standard/bundles/evidence-and-obligation/bundle.yml
  sha256:f76c84ef44dabca905a7bb8539a5b3c99c39b4f871a2d9797b28f788fa5ae1a4 packages/headwater-standard/bundles/decision-record/bundle.yml
  sha256:c1bb74d861e3960dbc615cab629b124ca33f39f9cd776f2998db2aab3d512aa9 .headwater/overlay.yml

1317 lines of canonical taxonomy
