headwater/standard 4.4.1
sha256:a48e1e43b9f84df7e56e5c499981866e7e08fb4d82eb971f7a80a3123c62ee7b

sources
  sha256:eea1348a601191117ea41b7af61ca47731eeabbd24dc4fea3b5a92359e9fb055 .headwater/packages/headwater-standard/taxonomy.yml
  sha256:39b514b8d5c971d291f2c662500a2c0d384f7446bf5bc0661a120ff4283f001c .headwater/packages/headwater-standard/bundles/design-spec/bundle.yml
  sha256:1092c56eb53e4f4d439e6e15c932087ee84b256eb0fd27cc3edbafb1abb3202f .headwater/packages/headwater-standard/bundles/evidence-and-obligation/bundle.yml
  sha256:a1d0295f3af618bb371291f264a5f3d85925aabdd171ccea64629ee42a0e1c24 .headwater/packages/headwater-standard/bundles/decision-record/bundle.yml
  sha256:c8606f3f6bc80a57f0fe457e44adb7283fc55f91dc539a344499104831572f8c .headwater/overlay.yml

1522 lines of canonical taxonomy
