# This file is generated by `headwater taxonomy resolve`. Do not edit it.
#
# It is the resolved taxonomy of headwater/standard 1.0.0, with a digest over the canonical text
# below. Everything downstream reads this file and never the sources, so a check
# result depends on a hash that a reviewer sees in this diff.
#
# `headwater taxonomy resolve --check` fails when the sources no longer produce
# this file, which is what makes a stale lock a red build rather than a quiet
# disagreement.

lock:
  format: 1
  digest: sha256:ecf6b85268b59ff7c17ab099450a02f371dcdf31822ae7bad346769015a80795
  package: headwater/standard
  version: 1.0.0
  sources:
    - path: packages/headwater-standard/taxonomy.yml
      digest: sha256:82663c7e54fd08e98336e80979a94df217103dce1eec51b68ec5587f73863aa4
    - path: docs/taxonomies/design-spec/bundle.yml
      digest: sha256:0dd73708d7200b7b02389a7dc8811ddc80ab61ece7892efd7391cdf504d6bda0
    - path: .headwater/overlay.yml
      digest: sha256:a3fba3d733444d939fc9c845daf742653d8b99fa82ffc473b5885cb740d574f3

# The resolved taxonomy. The digest above is over this text with the two
# leading spaces of each line removed, which is the form the resolver writes
# and the form a round trip loads back.

resolved:
  taxonomy: headwater/standard
  version: 1.0.0
  purposes:
    rationale:
      intent: "explain why a choice was made and what it forecloses"
      answers:
        - "why is it this way"
        - "what was rejected"
        - "what does this constrain"
    behavior:
      intent: "state what the system does, as it is now"
      answers:
        - "what does this component do"
        - "what may I rely on"
    evidence:
      answers:
        - "what closed this question"
        - "what did the review find"
        - "what evidence stands behind this claim"
      intent: "state what was measured or found, and under which instrument"
    obligation:
      answers:
        - "what is missing"
        - "which claim is unmeasured"
        - "what waits on whom"
      intent: "state what the corpus still owes, and who owes it"
  vocabularies:
    lifecycle_state:
      - value: draft
        role: initial
      - value: current
        role: live
      - value: superseded
        role: terminal-retained
      - value: deprecated
        role: terminal-retained
  facets:
    status:
      role: state
      values:
        - value: draft
          role: initial
        - value: current
          role: live
        - value: superseded
          role: terminal-retained
        - value: deprecated
          role: terminal-retained
      required: true
      volatility: mutable
      guidance:
        draft: "the document is being written or argued over, and nothing may rely on it"
        current: "the document states what holds now, and a reader may rely on it"
        superseded: "a later document replaced this one, and the succession edge names it"
        deprecated: "the document is no longer to be relied on, and nothing replaced it"
    status_since:
      role: state_entered
      type: date
      required: true
      volatility: mutable
    last_verified:
      role: freshness
      type: date
      stale_after_days: 180
      volatility: mutable
    summary:
      role: scent
      type: string
      required: true
      volatility: mutable
    doc_type:
      guidance:
        decision_register: "the one document that records settled decisions and the argument that settled each"
        design_spec: "a numbered document in the series, which states what the system is"
        obligation_register: "the one document that records what the corpus still owes"
        review_prompt: "the instrument that commissions a review, committed before the review runs"
        review_record: "the findings that one application of one instrument produced"
      required: false
      values:
        - design_spec
        - decision_register
        - obligation_register
        - review_prompt
        - review_record
      volatility: stable
    sequence:
      required: false
      type: integer
      volatility: stable
  regimes:
    lifecycle:
      standard:
        initial: draft
        transitions:
          draft:
            - current
            - deprecated
          current:
            - superseded
            - deprecated
        retain_terminal: true
    voice:
      declarative:
        forbid:
          - future_intent
          - change_narration
          - phased_rollout
      narrative: {}
    language:
      default:
        tag: en-US
        controlled: none
      ste_house:
        controlled: ASD-STE100
        profile: house
        tag: en-US
  anchors:
    code_path:
      resolver: source-tree
  kinds:
    governed_document:
      abstract: true
      facets:
        require:
          - status
          - status_since
          - last_verified
          - summary
    decision:
      is_a: governed_document
      purpose: rationale
      identifier:
        scheme: decision_id
      voice: declarative
      lifecycle: standard
      sections:
        require:
          - Context
          - Decision
          - Consequences
    specification:
      is_a: governed_document
      purpose: behavior
      voice: declarative
      lifecycle: standard
      sections:
        require:
          - Scope
          - Behavior
    decision_register:
      facets:
        require:
          - doc_type
          - sequence
      identifier:
        scheme: register_id
      is_a: governed_document
      language: ste_house
      lifecycle: standard
      purpose: rationale
      voice: declarative
    design_spec:
      facets:
        require:
          - doc_type
          - sequence
      identifier:
        scheme: spec_id
      is_a: governed_document
      language: ste_house
      lifecycle: standard
      purpose: behavior
      voice: declarative
    evaluation:
      facets:
        forbid:
          - doc_type
      identifier:
        scheme: evaluation_id
      is_a: governed_document
      lifecycle: standard
      purpose: evidence
      relations:
        expect:
          - id: evidence-cited
            relation: cited_by
            to_kind: decision_register
            when:
              status: current
            within: 30d
            since: state_entered
            severity: warn
            rationale: "an evaluation that no register cites closed nothing"
      voice: narrative
    obligation_register:
      facets:
        require:
          - doc_type
          - sequence
      identifier:
        scheme: register_id
      is_a: governed_document
      language: ste_house
      lifecycle: standard
      purpose: obligation
      voice: declarative
    review_prompt:
      facets:
        require:
          - doc_type
      identifier:
        scheme: review_id
      is_a: governed_document
      lifecycle: standard
      purpose: evidence
      relations:
        expect:
          - id: instrument-applied
            relation: applied_in
            to_kind: review_record
            when:
              status: current
            within: 90d
            since: state_entered
            severity: warn
            rationale: "an instrument that nobody applied is a plan rather than a review"
      voice: declarative
    review_record:
      facets:
        require:
          - doc_type
      identifier:
        scheme: review_id
      is_a: governed_document
      lifecycle: standard
      purpose: evidence
      voice: narrative
  relations:
    supersedes:
      family: succession
      from:
        - governed_document
      to:
        - governed_document
      inverse: superseded_by
      reciprocal: required
      nuclearity: multinuclear
      on_target:
        set_state: superseded
      created_by: scaffold
    governs:
      family: governance
      from:
        - governed_document
      to:
        - code_path
      cardinality: many
      created_by: hook
    constrains:
      family: governance
      from:
        - decision
      to:
        - decision
      created_by: agent
    conflicts_with:
      family: association
      from:
        - decision
      to:
        - decision
      reciprocal: symmetric
      nuclearity: multinuclear
      invalid_when:
        both:
          status: current
      created_by: agent
    traces_to:
      family: evidence
      from:
        - governed_document
      to:
        - governed_document
        - code_path
      created_by: hook
    applied_in:
      created_by: scaffold
      family: evidence
      from:
        - review_prompt
      inverse: applies
      reciprocal: required
      to:
        - review_record
    assesses:
      cardinality: many
      created_by: scaffold
      family: evidence
      from:
        - review_record
      to:
        - governed_document
    cites_evidence:
      cardinality: many
      created_by: hook
      family: evidence
      from:
        - design_spec
        - decision_register
        - obligation_register
      inverse: cited_by
      reciprocal: required
      to:
        - evaluation
  shelves:
    decisions:
      path: "docs/decisions/**"
      homogeneous: true
      kind: decision
    specifications:
      path: "docs/specifications/**"
      homogeneous: true
      kind: specification
    evaluations:
      homogeneous: true
      kind: evaluation
      path: "docs/evaluations/**"
    reviews:
      discriminator: doc_type
      homogeneous: false
      kinds:
        - review_prompt
        - review_record
      path: "docs/reviews/**"
    spec_series:
      discriminator: doc_type
      homogeneous: false
      kinds:
        - design_spec
        - decision_register
        - obligation_register
      layout: "{sequence:02d}-{slug}.md"
      path: "docs/spec/**"
  identifier_schemes:
    decision_id:
      pattern: "DR-{namespace}-{seq:04d}"
      namespace: repo
      allocation: reconcile-first
    evaluation_id:
      allocation: minted-once
      namespace: HW
      pattern: "EVAL-{namespace}-{slug}"
    register_id:
      allocation: minted-once
      namespace: HW
      pattern: "REG-{namespace}-{slug}"
    review_id:
      allocation: minted-once
      namespace: HW
      pattern: "REV-{namespace}-{slug}"
    spec_id:
      allocation: minted-once
      namespace: HW
      pattern: "SPEC-{namespace}-{slug}"
  core:
    requires:
      - facet_role: state
      - facet_role: freshness
      - facet_role: scent
      - purpose: rationale
      - purpose: behavior
      - relation_family: succession
        lifecycle_sensitive: true
  projections:
    - kind: shelf_index
      for:
        - decisions
        - specifications
      output: "{shelf}/README.md"
