# This file is generated by `headwater taxonomy resolve`. Do not edit it, with
# one exception named below.
#
# It is the resolved taxonomy of headwater/standard 1.0.0, with a digest over the canonical text
# below. Everything downstream reads this file and never the sources, so a check
# result depends on a hash that a reviewer sees in this diff.
#
# The exception is the `adoption` block, where one appears. That block is
# authored, and `headwater taxonomy resolve` carries it through rather than
# producing it. It is the only part of this file that is not a function of the
# sources listed under `sources` below.
#
# `headwater taxonomy resolve --check` fails when the sources no longer produce
# this file, which is what makes a stale lock a red build rather than a quiet
# disagreement.

lock:
  format: 2
  digest: sha256:4f0721119a8afc4cac94bda8c6696d7261e7e0588eca251196547428ffe54677
  package: headwater/standard
  version: 1.0.0
  sources:
    - path: packages/headwater-standard/taxonomy.yml
      digest: sha256:a99544d7ef4ea8ba5a348f61d71f0ec416f72a8f4426a6693ca156a6f63c0232
    - path: docs/taxonomies/design-spec/bundle.yml
      digest: sha256:0dd73708d7200b7b02389a7dc8811ddc80ab61ece7892efd7391cdf504d6bda0
    - path: docs/taxonomies/decision-record/bundle.yml
      digest: sha256:ab208e17527154e67d7d0eccd495f493f0f40faf8df7ce3191ac8d1ac4369c2e
    - path: .headwater/overlay.yml
      digest: sha256:c2708d45cb97bf3479dda275de2041af379422c0f4cdc937be72da71c41867e0

# The adoption payload: the debt this corpus declared when the taxonomy first
# reached it. Every other line of this file is generated and this block is not.
# `headwater infer` writes it, a person edits it, and `headwater taxonomy
# resolve` carries it through untouched. Each task names an owner and an expiry,
# and holds the `(document, rule)` pairs it accounts for. A pair that stops
# failing is a task shrinking, and `headwater check` reports the count that
# remains on every run.

adoption:
  tasks:
    - id: AD-1
      statement: "The one entry of `.ste-lint-baseline.json` that this corpus still owes. The baseline held two when the linter retired. The other named a semicolon inside a block quotation, which the engine does not report at all, because the parser hands a quoted block to no lexical rule"
      owner: "the specification authors"
      until: 2027-06-30
      pairs:
        - path: docs/spec/02-taxonomy-model.md
          rule: language.retired_term.used

# The resolved taxonomy. The digest above is over this text with the two
# leading spaces of each line removed, which is the form the resolver writes
# and the form a round trip loads back.

resolved:
  taxonomy: headwater/standard
  version: 1.0.0
  purposes:
    rationale:
      intent: "explain why a choice was made and what it forecloses"
      answers:
        - "why is it this way"
        - "what was rejected"
        - "what does this constrain"
    behavior:
      intent: "state what the system does, as it is now"
      answers:
        - "what does this component do"
        - "what may I rely on"
    evidence:
      answers:
        - "what closed this question"
        - "what did the review find"
        - "what evidence stands behind this claim"
      intent: "state what was measured or found, and under which instrument"
    obligation:
      answers:
        - "what is missing"
        - "which claim is unmeasured"
        - "what waits on whom"
      intent: "state what the corpus still owes, and who owes it"
  vocabularies:
    lifecycle_state:
      - value: draft
        role: initial
      - value: current
        role: live
      - value: superseded
        role: terminal-retained
      - value: deprecated
        role: terminal-retained
  facets:
    status:
      role: state
      values:
        - value: draft
          role: initial
        - value: current
          role: live
        - value: superseded
          role: terminal-retained
        - value: deprecated
          role: terminal-retained
      required: true
      volatility: mutable
      guidance:
        draft: "the document is being written or argued over, and nothing may rely on it"
        current: "the document states what holds now, and a reader may rely on it"
        superseded: "a later document replaced this one, and the succession edge names it"
        deprecated: "the document is no longer to be relied on, and nothing replaced it"
    status_since:
      role: state_entered
      type: date
      required: true
      volatility: mutable
    last_verified:
      role: freshness
      type: date
      stale_after_days: 180
      volatility: mutable
    summary:
      role: scent
      type: string
      required: true
      volatility: mutable
    doc_type:
      guidance:
        decision_register: "the one document that records settled decisions and the argument that settled each"
        design_spec: "a numbered document in the series, which states what the system is"
        obligation_register: "the one document that records what the corpus still owes"
        review_prompt: "the instrument that commissions a review, committed before the review runs"
        review_record: "the findings that one application of one instrument produced"
      required: false
      values:
        - design_spec
        - decision_register
        - obligation_register
        - review_prompt
        - review_record
      volatility: stable
    sequence:
      required: false
      type: integer
      volatility: stable
    title:
      required: false
      role: name
      type: string
      volatility: stable
  regimes:
    lifecycle:
      standard:
        initial: draft
        transitions:
          draft:
            - current
            - deprecated
          current:
            - superseded
            - deprecated
        retain_terminal: true
    voice:
      declarative:
        forbid:
          - future_intent
          - change_narration
          - phased_rollout
      narrative: {}
    language:
      default:
        tag: en-US
        controlled: none
      ste_house:
        controlled: ASD-STE100
        profile: house
        retired_terms:
          - term: load-bearing
            reason: "it stands in for the thing that depends on it"
          - term: "load bearing"
            reason: "it stands in for the thing that depends on it"
          - term: first-class
            reason: "it stands in for what the thing actually gets"
          - term: "first class"
            reason: "it stands in for what the thing actually gets"
          - term: battle-tested
            reason: "it stands in for where the thing has run and for how long"
          - term: "battle tested"
            reason: "it stands in for where the thing has run and for how long"
          - term: "north star"
            reason: "it stands in for the goal"
          - term: delve
            reason: "it stands in for examine, study or read"
          - term: seamless
            reason: "it stands in for what the joins would otherwise cost"
          - term: seamlessly
            reason: "it stands in for what the joins would otherwise cost"
          - term: holistic
            reason: "it stands in for the parts it covers"
          - term: holistically
            reason: "it stands in for the parts it covers"
          - term: "deep dive"
            reason: "it stands in for a detailed review"
          - term: leverage
            reason: "it stands in for use or apply"
          - term: leverages
            reason: "it stands in for use or apply"
          - term: leveraged
            reason: "it stands in for use or apply"
          - term: leveraging
            reason: "it stands in for use or apply"
          - term: robust
            reason: "it stands in for the failure the thing survives"
        source_form: one_line_per_block
        tag: en-US
  anchors:
    code_path:
      resolver: source-tree
  kinds:
    governed_document:
      abstract: true
      facets:
        require:
          - status
          - status_since
          - last_verified
          - summary
    decision:
      is_a: governed_document
      purpose: rationale
      identifier:
        scheme: decision_id
      voice: declarative
      lifecycle: standard
      sections:
        require:
          - Context
          - Decision
          - Consequences
      facets:
        require:
          - title
    specification:
      is_a: governed_document
      purpose: behavior
      voice: declarative
      lifecycle: standard
      sections:
        require:
          - Scope
          - Behavior
    decision_register:
      facets:
        require:
          - doc_type
          - sequence
      identifier:
        scheme: register_id
      is_a: governed_document
      language: ste_house
      lifecycle: standard
      purpose: rationale
      voice: declarative
    design_spec:
      facets:
        require:
          - doc_type
          - sequence
      identifier:
        scheme: spec_id
      is_a: governed_document
      language: ste_house
      lifecycle: standard
      purpose: behavior
      voice: declarative
    evaluation:
      facets:
        forbid:
          - doc_type
      identifier:
        scheme: evaluation_id
      is_a: governed_document
      lifecycle: standard
      purpose: evidence
      relations:
        expect:
          - id: evidence-cited
            relation: cited_by
            to_kind: decision_register
            when:
              status: current
            within: 30d
            since: state_entered
            severity: warn
            rationale: "an evaluation that no register cites closed nothing"
      voice: narrative
    obligation_record:
      facets:
        require:
          - title
      identifier:
        scheme: obligation_record_id
      is_a: governed_document
      language: ste_house
      lifecycle: standard
      purpose: obligation
      sections:
        require:
          - Context
          - Obligation
          - Discharge
      voice: declarative
    obligation_register:
      facets:
        require:
          - doc_type
          - sequence
      identifier:
        scheme: register_id
      is_a: governed_document
      language: ste_house
      lifecycle: standard
      purpose: obligation
      voice: declarative
    review_prompt:
      facets:
        require:
          - doc_type
      identifier:
        scheme: review_id
      is_a: governed_document
      lifecycle: standard
      purpose: evidence
      relations:
        expect:
          - id: instrument-applied
            relation: applied_in
            to_kind: review_record
            when:
              status: current
            within: 90d
            since: state_entered
            severity: warn
            rationale: "an instrument that nobody applied is a plan rather than a review"
      voice: declarative
    review_record:
      facets:
        require:
          - doc_type
      identifier:
        scheme: review_id
      is_a: governed_document
      lifecycle: standard
      purpose: evidence
      voice: narrative
  relations:
    supersedes:
      family: succession
      from:
        - governed_document
      to:
        - governed_document
      inverse: superseded_by
      reciprocal: required
      nuclearity: multinuclear
      on_target:
        set_state: superseded
      created_by: scaffold
    governs:
      family: governance
      from:
        - governed_document
      to:
        - code_path
      cardinality: many
      created_by: hook
    constrains:
      family: governance
      from:
        - decision
      to:
        - decision
      created_by: agent
    conflicts_with:
      family: association
      from:
        - decision
      to:
        - decision
      reciprocal: symmetric
      nuclearity: multinuclear
      invalid_when:
        both:
          status: current
      created_by: agent
    traces_to:
      family: evidence
      from:
        - governed_document
      to:
        - governed_document
        - code_path
      created_by: hook
    applied_in:
      created_by: scaffold
      family: evidence
      from:
        - review_prompt
      inverse: applies
      reciprocal: required
      to:
        - review_record
    assesses:
      cardinality: many
      created_by: scaffold
      family: evidence
      from:
        - review_record
      to:
        - governed_document
    cites_evidence:
      cardinality: many
      created_by: hook
      family: evidence
      from:
        - design_spec
        - decision_register
        - obligation_register
      inverse: cited_by
      reciprocal: required
      to:
        - evaluation
    discharges:
      cardinality: many
      created_by: hook
      family: evidence
      from:
        - evaluation
      inverse: discharged_by
      reciprocal: required
      to:
        - obligation_record
  shelves:
    decisions:
      path: "docs/decisions/**"
      homogeneous: true
      kind: decision
    specifications:
      path: "docs/specifications/**"
      homogeneous: true
      kind: specification
    evaluations:
      homogeneous: true
      kind: evaluation
      path: "docs/evaluations/**"
    obligations:
      homogeneous: true
      kind: obligation_record
      path: "docs/obligations/**"
    reviews:
      discriminator: doc_type
      homogeneous: false
      kinds:
        - review_prompt
        - review_record
      path: "docs/reviews/**"
    spec_series:
      discriminator: doc_type
      homogeneous: false
      kinds:
        - design_spec
        - decision_register
        - obligation_register
      layout: "{sequence:02d}-{slug}.md"
      path: "docs/spec/**"
  identifier_schemes:
    decision_id:
      pattern: "DR-{namespace}-{seq:04d}"
      namespace: repo
      allocation: reconcile-first
    evaluation_id:
      allocation: minted-once
      namespace: HW
      pattern: "EVAL-{namespace}-{slug}"
    obligation_record_id:
      allocation: reconcile-first
      namespace: repo
      pattern: "OBL-{namespace}-{seq:04d}"
    register_id:
      allocation: minted-once
      namespace: HW
      pattern: "REG-{namespace}-{slug}"
    review_id:
      allocation: minted-once
      namespace: HW
      pattern: "REV-{namespace}-{slug}"
    spec_id:
      allocation: minted-once
      namespace: HW
      pattern: "SPEC-{namespace}-{slug}"
  core:
    requires:
      - facet_role: state
      - facet_role: freshness
      - facet_role: scent
      - purpose: rationale
      - purpose: behavior
      - relation_family: succession
        lifecycle_sensitive: true
  projections:
    - kind: shelf_index
      for:
        - decisions
        - specifications
      output: "{shelf}/README.md"
    - kind: shelf_index
      for:
        - spec_series
      output: "{shelf}/README.md"
    - kind: shelf_sections
      for:
        - decisions
      output: docs/spec/09-open-questions.md
      identity:
        id: REG-HW-open-questions
        kind: decision_register
  obligations:
    OB-COV-1:
      statement: "Every file under the corpus root is classified, or reported as unclassifiable"
      rationale: "The most broken document is the one that classification is most likely to miss, and a run that never saw it reports nothing about it"
      class: cohesion
      prevents: process.maintenance
      severity: high
    OB-COV-2:
      statement: "Every classified document is routed to at least one check"
      rationale: "A document that matched no check is indistinguishable from a document that passed every check"
      class: cohesion
      prevents: process.maintenance
      severity: high
    OB-COV-3:
      statement: "Every run reports what it saw, classified, checked and skipped, with a reason for each skip"
      rationale: "No findings across 380 of 412 documents is a different result from no findings across 412, and a report that cannot tell the two apart earns no trust"
      class: cohesion
      prevents: process.traceability
      severity: medium
    OB-REL-1:
      statement: "A relation that requires reciprocity is declared at both of its ends"
      rationale: "One half of a pair is a claim that the document at the other end never made"
      class: cohesion
      prevents: content.inconsistent
      severity: medium
    OB-PLACE-1:
      statement: "A document does not restate in metadata what its placement already states"
      rationale: "A restatement is a second truth that eventually disagrees with the first"
      class: cohesion
      prevents: content.inconsistent
      severity: medium
    OB-FACET-1:
      statement: "Every facet a kind requires is declared by every document of that kind"
      rationale: "A facet nobody declared is a question the corpus cannot answer about itself, and the reader who asks it gets silence rather than a gap"
      class: cohesion
      prevents: content.incomplete
      severity: high
    OB-FACET-2:
      statement: "A facet with a declared value set carries one of the values in that set"
      rationale: "A value outside the set is a state that no reader, no query and no projection can act on, and it reads as a state rather than as an error"
      class: cohesion
      prevents: content.inconsistent
      severity: medium
    OB-ID-1:
      statement: "An identifier is a string that the scheme its kind names admits"
      rationale: "An identifier is minted to travel, so it appears in commit messages, tickets and agent prompts. A corpus can rewrite its own documents at any time and it can never rewrite somebody else's ticket, which is why an identifier outside its own namespace is unrecoverable rather than untidy"
      class: cohesion
      prevents: content.inconsistent
      severity: high
    OB-REL-4:
      statement: "Every target a relation instance names resolves to a document or to an external anchor"
      rationale: "An edge that resolves to nothing is a claim about a thing the corpus does not hold, and every query, projection and export over that relation inherits the claim while the report of it stops at the graph build"
      class: cohesion
      prevents: content.inconsistent
      severity: high
    OB-REL-5:
      statement: "Every entry a relations block declares becomes an edge of the graph"
      rationale: "A block the build could not read declares nothing, so the corpus is missing exactly the relations its author wrote down, and the author is the only person who ever sees the claim"
      class: cohesion
      prevents: content.inconsistent
      severity: high
    OB-ID-2:
      statement: "A document that a relation may name declares one identifier that names it"
      rationale: "A document with no identifier is neither end of any edge, so every relation it declares and every relation that names it is lost while the document itself is reported as classified and checked"
      class: cohesion
      prevents: content.incomplete
      severity: high
    OB-REL-2:
      statement: "Both ends of a relation instance are kinds that the relation permits"
      rationale: "An edge between kinds a relation forbids is an assertion that the taxonomy never sanctioned, and every query over that relation inherits it"
      class: cohesion
      prevents: content.inconsistent
      severity: medium
    OB-VOICE-1:
      statement: "Prose of a kind under a voice regime does not use the constructions that regime forbids"
      rationale: "A specification that narrates change cannot be read for what holds now, and a reader who cannot tell today from last quarter reads every sentence twice"
      class: cohesion
      prevents: content.inconsistent
      severity: low
    OB-LANG-1:
      statement: "Prose of a kind under a language regime obeys the controlled language and the variant it names"
      rationale: "A rule that lives in a contributing guide is a rule that no check reads and that every new author learns by being corrected"
      class: cohesion
      prevents: content.unclear
      severity: low
    OB-LANG-2:
      statement: "The source of a document under a language regime that fixes a source form is written in that form"
      rationale: "A source form is invisible to a reader and loud in a diff, so a paragraph that one commit reflows hides the one word another commit changed"
      class: cohesion
      prevents: content.unclear
      severity: low
    OB-LANG-3:
      statement: "Prose of a kind under a language regime does not write a term that regime retired"
      rationale: "A retirement that lives in a commit message is inherited by nobody, so a branch written from an earlier commit reintroduces the term and the merge is clean"
      class: cohesion
      prevents: content.inconsistent
      severity: low
    OB-SECT-1:
      statement: "Every section a kind requires is a heading of every document of that kind"
      rationale: "A document that omits a section leaves unanswered the question its kind promised to answer, and a reader cannot tell that from an answer of none"
      class: cohesion
      prevents: content.incomplete
      severity: high
    OB-LINK-1:
      statement: "A fragment that a document writes into itself names a heading of that document"
      rationale: "A link that lands nowhere costs the reader the paragraph it was written to reach, and an anchor rots silently when the heading beside it is edited"
      class: cohesion
      prevents: content.inconsistent
      severity: medium
    OB-REL-3:
      statement: "A participation expectation is met inside the window the taxonomy declares"
      rationale: "A document that nothing links to inside its window is work that reached nobody, and the corpus cannot tell that from work nobody needed"
      class: cohesion
      prevents: process.maintenance
      severity: low
    OB-REG-1:
      statement: "Every obligation this taxonomy declares carries exactly one disposition"
      rationale: "An obligation that no control discharges and that states neither a gap nor an acceptance reads from outside like one that is met, and that silence is how an assurance model decays into a list of good intentions"
      class: cohesion
      prevents: process.traceability
      severity: high
    OB-REG-2:
      statement: "Every control names a mechanism that the engine implements"
      rationale: "A register that claims coverage it does not have is worse than no register, and a mistyped rule id claims exactly that"
      class: cohesion
      prevents: process.traceability
      severity: high
    OB-DR-1:
      class: cohesion
      disposition:
        gap:
          owner: "the decision-record entry"
          target: "a change-scoped rule that reads the prior version, which spec 12 already supplies as `needs_prior`"
      prevents: content.inconsistent
      rationale: "A record that changed after the decision was taken cannot be cited, because the reader of the citation and the writer of it read two different texts. Every later document that names the decision inherits the drift silently"
      severity: high
      statement: "An accepted decision record is amended by succession and never by edit"
    OB-DR-2:
      class: cohesion
      disposition:
        gap:
          owner: "the decision-record entry"
          target: "a rule over state dwell time, which `taxonomy audit` already measures and no check reads"
      prevents: process.maintenance
      rationale: "A log that fills with proposals is the failure this tradition is most often reported to have, and a proposal nobody ruled on is indistinguishable from a decision nobody wrote"
      severity: medium
      statement: "A proposed decision record reaches acceptance or rejection"
    OB-DR-3:
      class: coherence
      disposition:
        unverifiable:
          reasoning: "To count the decisions in a document is to reason about what the prose asserts, which spec 1 forswears. The shelf is homogeneous and the section contract requires one `Decision` heading, and a second decision under that heading is invisible to both"
      prevents: content.unclear
      rationale: "Two decisions in one record cannot be superseded apart, so the first of them to fall takes the second with it or keeps it alive under a heading nobody reads"
      severity: medium
      statement: "A decision record records one decision"
  controls:
    CT-COV-1:
      mechanism: "phase:census.classification"
      discharges:
        - OB-COV-1
      trigger: pull_request
      posture: advisory
      acts: detective
      promotion:
        produces_facts:
          reasoning: "The census produces the classification that every check rests on, and a wrong row makes every check over it return a correct verdict about a wrong corpus. Spec 12 holds it as a correctness root and its instrument is a fixture set"
    CT-COV-2:
      mechanism: "check:coverage.document_unchecked"
      discharges:
        - OB-COV-2
      trigger: pull_request
      posture: advisory
      acts: detective
    CT-COV-3:
      mechanism: "phase:runner.coverage_report"
      discharges:
        - OB-COV-3
      trigger: pull_request
      posture: advisory
      acts: detective
      promotion:
        produces_facts:
          reasoning: "The coverage account is the denominator every other number in the report is read against, and a denominator has no false-positive rate. It is right or it is wrong, and the fixture tree is what says which"
    CT-REG-1:
      mechanism: "check:obligation.disposition.not_one"
      discharges:
        - OB-REG-1
      trigger: pull_request
      posture: advisory
      acts: detective
    CT-REG-2:
      mechanism: "check:control.mechanism.unimplemented"
      discharges:
        - OB-REG-2
      trigger: pull_request
      posture: advisory
      acts: detective
    CT-REL-1:
      mechanism: "check:relation.reciprocity.missing"
      discharges:
        - OB-REL-1
      trigger: pull_request
      posture: advisory
      acts: detective
    CT-PLACE-1:
      mechanism: "check:shelf.placement_is_primary"
      discharges:
        - OB-PLACE-1
      trigger: pull_request
      posture: advisory
      acts: detective
    CT-FACET-1:
      mechanism: "check:facet.required.missing"
      discharges:
        - OB-FACET-1
      trigger: pull_request
      posture: advisory
      acts: detective
    CT-FACET-2:
      mechanism: "check:facet.value.not_permitted"
      discharges:
        - OB-FACET-2
      trigger: pull_request
      posture: advisory
      acts: detective
    CT-ID-1:
      mechanism: "check:identifier.pattern.not_met"
      discharges:
        - OB-ID-1
      trigger: pull_request
      posture: advisory
      acts: detective
    CT-REL-4:
      mechanism: "check:relation.target.unresolved"
      discharges:
        - OB-REL-4
      trigger: pull_request
      posture: advisory
      acts: detective
      promotion:
        criteria:
          window: "one release of the taxonomy over an adopting corpus"
          threshold: "no false positive, because the rule reports what the graph build already resolved rather than deriving a second answer of its own"
          sample: "every finding of one run over the adopting corpus, adjudicated once"
    CT-REL-5:
      mechanism: "check:relation.declaration.unusable"
      discharges:
        - OB-REL-5
      trigger: pull_request
      posture: advisory
      acts: detective
      promotion:
        criteria:
          window: "one release of the taxonomy over an adopting corpus"
          threshold: "no false positive, because the rule reports what the graph build already threw away rather than reading the block a second time"
          sample: "every finding of one run over the adopting corpus, adjudicated once"
    CT-ID-2:
      mechanism: "check:identifier.unusable"
      discharges:
        - OB-ID-2
      trigger: pull_request
      posture: advisory
      acts: detective
      promotion:
        criteria:
          window: "one release of the taxonomy over an adopting corpus"
          threshold: "no false positive, because the rule reports what the identifier index already refused rather than deriving a second answer"
          sample: "every finding of one run over the adopting corpus, adjudicated once"
    CT-REL-2:
      mechanism: "check:relation.endpoint.not_permitted"
      discharges:
        - OB-REL-2
      trigger: pull_request
      posture: advisory
      acts: detective
    CT-REL-3:
      mechanism: "check:relation.participation.overdue"
      discharges:
        - OB-REL-3
      trigger: pull_request
      posture: advisory
      acts: detective
    CT-VOICE-1:
      mechanism: "check:voice.forbidden_construction"
      discharges:
        - OB-VOICE-1
      trigger: pull_request
      posture: advisory
      acts: detective
      promotion:
        permanently_advisory:
          reasoning: "Spec 3 rules that posture per voice category comes from fixability and never from precision, and that a category whose remediation is a rewrite stays advisory whatever its false-positive rate. To block on it makes a judgment about meaning into a gate, and the author who meets it at a red build reaches for the escape hatch"
    CT-LANG-1:
      mechanism: "check:language.controlled.not_met"
      discharges:
        - OB-LANG-1
      trigger: pull_request
      posture: advisory
      acts: detective
      promotion:
        permanently_advisory:
          reasoning: "The same rule spec 4 states in general. A sentence past the word limit is shortened by deciding which clause carries the meaning, and no mechanical rewrite makes that decision"
    CT-LANG-2:
      mechanism: "check:language.source_form.not_met"
      discharges:
        - OB-LANG-2
      trigger: pull_request
      posture: advisory
      acts: detective
      promotion:
        criteria:
          window: "one release of the taxonomy over an adopting corpus"
          threshold: "no false positive, because the parser reports the break rather than a rule inferring it from a line count"
          sample: "every finding of one run over the adopting corpus, adjudicated once"
    CT-LANG-3:
      mechanism: "check:language.retired_term.used"
      discharges:
        - OB-LANG-3
      trigger: pull_request
      posture: advisory
      acts: detective
      promotion:
        criteria:
          window: "one release of the taxonomy over an adopting corpus"
          threshold: "no false positive on an entry that names a replacement, which is the half that is a substitution"
          sample: "every finding of one run over the adopting corpus, adjudicated once"
    CT-SECT-1:
      mechanism: "check:section.required.missing"
      discharges:
        - OB-SECT-1
      trigger: pull_request
      posture: advisory
      acts: detective
    CT-LINK-1:
      mechanism: "check:link.fragment.unresolved"
      discharges:
        - OB-LINK-1
      trigger: pull_request
      posture: advisory
      acts: detective
