# This file is generated by `headwater taxonomy resolve`. Do not edit it, with
# one exception named below.
#
# It is the resolved taxonomy of acme/answered-export 1.0.0, with a digest over the canonical text
# below. Everything downstream reads this file and never the sources, so a check
# result depends on a hash that a reviewer sees in this diff.
#
# `rules` names the resolver rule set that validated this lock at write time. A
# lock whose `rules` disagrees with the rule set this engine runs now is
# refused, because the rules that ran when this file was written are the only
# guarantee a reader of it has, and the rules can move between a write and a
# later read.
#
# The exception is the `adoption` block, where one appears. That block is
# authored, and `headwater taxonomy resolve` carries it through rather than
# producing it. It is the only part of this file that is not a function of the
# sources listed under `sources` below.
#
# `headwater taxonomy resolve --check` fails when the sources no longer produce
# this file, which is what makes a stale lock a red build rather than a quiet
# disagreement.

lock:
  format: 3
  digest: sha256:f07ef4f79d94b2691591df416b460113fba43898800dfd6305ba695047e28c9a
  rules: 2
  package: acme/answered-export
  version: 1.0.0
  sources:
    - path: packages/acme-answered-export/taxonomy.yml
      digest: sha256:7959e1cef97f25c3e5027705246e748ab95cb4a72cb2261c48ff8d65b8bbab6f

# The resolved taxonomy. The digest above is over this text with the two
# leading spaces of each line removed, which is the form the resolver writes
# and the form a round trip loads back.

resolved:
  taxonomy: acme/answered-export
  version: 1.0.0
  purposes:
    rationale:
      intent: "explain why a choice was made and what it forecloses"
  vocabularies:
    lifecycle_state:
      - value: draft
        role: initial
      - value: current
        role: live
      - value: superseded
        role: terminal-retained
  facets:
    status:
      role: state
      values:
        - value: draft
          role: initial
        - value: current
          role: live
        - value: superseded
          role: terminal-retained
      required: true
      volatility: mutable
      guidance:
        draft: "it is being argued over, and nothing may rely on it"
        current: "it states what holds now"
        superseded: "a later decision replaced it"
    summary:
      role: scent
      required: true
      volatility: mutable
    title:
      role: name
      required: true
      volatility: stable
  regimes:
    lifecycle:
      standard:
        initial: draft
        transitions:
          draft:
            - current
          current:
            - superseded
        retain_terminal: true
  kinds:
    governed_document:
      abstract: true
      facets:
        require:
          - status
          - summary
          - title
    answer:
      is_a: governed_document
      purpose: rationale
      lifecycle: standard
  shelves:
    answers:
      path: "docs/answers/**"
      homogeneous: true
      kind: answer
  projections:
    - kind: graph_export
      profile: control
      format: json
      output: exports/control.json
    - kind: graph_export
      profile: filtered
      format: json
      output: exports/filtered.json
      filter:
        exclude:
          status:
            - draft
      tombstone: counted
  core:
    requires:
      - facet_role: state
